
Microsoft Visual Studio Solution File, Format Version 12.00
# Visual Studio Version 16
VisualStudioVersion = 16.0.32002.261
MinimumVisualStudioVersion = 10.0.40219.1
Project("{FAE04EC0-301F-11D3-BF4B-00C04F79EFBC}") = "203330R_AS", "203330R_AS\203330R_AS.csproj", "{A22D4C32-EDD7-4B70-B5BD-4640BD210C6C}"
EndProject
Global
	GlobalSection(SolutionConfigurationPlatforms) = preSolution
		Debug|Any CPU = Debug|Any CPU
		Release|Any CPU = Release|Any CPU
	EndGlobalSection
	GlobalSection(ProjectConfigurationPlatforms) = postSolution
		{A22D4C32-EDD7-4B70-B5BD-4640BD210C6C}.Debug|Any CPU.ActiveCfg = Debug|Any CPU
		{A22D4C32-EDD7-4B70-B5BD-4640BD210C6C}.Debug|Any CPU.Build.0 = Debug|Any CPU
		{A22D4C32-EDD7-4B70-B5BD-4640BD210C6C}.Release|Any CPU.ActiveCfg = Release|Any CPU
		{A22D4C32-EDD7-4B70-B5BD-4640BD210C6C}.Release|Any CPU.Build.0 = Release|Any CPU
	EndGlobalSection
	GlobalSection(SolutionProperties) = preSolution
		HideSolutionNode = FALSE
	EndGlobalSection
	GlobalSection(ExtensibilityGlobals) = postSolution
		SolutionGuid = {56917D30-5747-437D-87C8-1E865582E3F6}
	EndGlobalSection
EndGlobal
